
Microsoft Visual Studio Solution File, Format Version 11.00
# Visual Studio 2010
Project("{2150E333-8FDC-42A3-9474-1A3956D46DE8}") = "Web", "Web", "{194A8276-D6CC-471B-9977-4B30A06AE2BA}"
EndProject
Project("{2150E333-8FDC-42A3-9474-1A3956D46DE8}") = "ConnectUO", "ConnectUO", "{E4A09295-B954-4CED-B48A-9CF539FE17D4}"
EndProject
Project("{2150E333-8FDC-42A3-9474-1A3956D46DE8}") = "Database", "Database", "{BF93B779-5BEB-405F-8A41-082597417B0E}"
	ProjectSection(SolutionItems) = preProject
		Database\cuo_schema.sql = Database\cuo_schema.sql
		Database\local_schema.sql = Database\local_schema.sql
	EndProjectSection
EndProject
Project("{2150E333-8FDC-42A3-9474-1A3956D46DE8}") = "Artwork", "Artwork", "{CDB8C489-B1BC-40CC-8D31-1275C9722871}"
	ProjectSection(SolutionItems) = preProject
		Artwork\Banner.bmp = Artwork\Banner.bmp
		C:\Users\Owner\Pictures\Artwork\ConnectUO-Logo.psd = C:\Users\Owner\Pictures\Artwork\ConnectUO-Logo.psd
		Artwork\cuo-logo.png = Artwork\cuo-logo.png
		Artwork\cuoglobe.png = Artwork\cuoglobe.png
		Artwork\cuoicon.ico = Artwork\cuoicon.ico
		Artwork\cuoicon72x72.png = Artwork\cuoicon72x72.png
		Artwork\cuoicons.psd = Artwork\cuoicons.psd
		Artwork\cuologo-2 copy.png = Artwork\cuologo-2 copy.png
		Artwork\cuologo-2.psd = Artwork\cuologo-2.psd
		Artwork\CUOLogo.psd = Artwork\CUOLogo.psd
	EndProjectSection
EndProject
Project("{FAE04EC0-301F-11D3-BF4B-00C04F79EFBC}") = "Client", "Client\Client.csproj", "{2108C863-91E6-4992-B6CB-93AAFE9B89B8}"
EndProject
Project("{FAE04EC0-301F-11D3-BF4B-00C04F79EFBC}") = "WebService", "WebService\WebService.csproj", "{3C660F6C-1FB1-471A-8280-18962271B1F7}"
EndProject
Project("{FAE04EC0-301F-11D3-BF4B-00C04F79EFBC}") = "Updater", "Updater\Updater.csproj", "{D6EA6675-8E93-46C8-8061-4A7A39A75510}"
EndProject
Project("{FAE04EC0-301F-11D3-BF4B-00C04F79EFBC}") = "Framework", "Framework\Framework.csproj", "{CD4D09FE-5C1D-42F4-93AC-030EB798213A}"
EndProject
Project("{2150E333-8FDC-42A3-9474-1A3956D46DE8}") = "Solution Items", "Solution Items", "{13A52A7B-C548-4B4D-8FE1-CDA2CBCB2EBF}"
	ProjectSection(SolutionItems) = preProject
		README.txt = README.txt
	EndProjectSection
EndProject
Global
	GlobalSection(SolutionConfigurationPlatforms) = preSolution
		Debug|Any CPU = Debug|Any CPU
		Debug|Mixed Platforms = Debug|Mixed Platforms
		Debug|Win32 = Debug|Win32
		Debug|x64 = Debug|x64
		Debug|x86 = Debug|x86
		Release|Any CPU = Release|Any CPU
		Release|Mixed Platforms = Release|Mixed Platforms
		Release|Win32 = Release|Win32
		Release|x64 = Release|x64
		Release|x86 = Release|x86
		StockDebug|Any CPU = StockDebug|Any CPU
		StockDebug|Mixed Platforms = StockDebug|Mixed Platforms
		StockDebug|Win32 = StockDebug|Win32
		StockDebug|x64 = StockDebug|x64
		StockDebug|x86 = StockDebug|x86
		StockRelease|Any CPU = StockRelease|Any CPU
		StockRelease|Mixed Platforms = StockRelease|Mixed Platforms
		StockRelease|Win32 = StockRelease|Win32
		StockRelease|x64 = StockRelease|x64
		StockRelease|x86 = StockRelease|x86
		x64|Any CPU = x64|Any CPU
		x64|Mixed Platforms = x64|Mixed Platforms
		x64|Win32 = x64|Win32
		x64|x64 = x64|x64
		x64|x86 = x64|x86
		x86 Debug|Any CPU = x86 Debug|Any CPU
		x86 Debug|Mixed Platforms = x86 Debug|Mixed Platforms
		x86 Debug|Win32 = x86 Debug|Win32
		x86 Debug|x64 = x86 Debug|x64
		x86 Debug|x86 = x86 Debug|x86
		x86 Release|Any CPU = x86 Release|Any CPU
		x86 Release|Mixed Platforms = x86 Release|Mixed Platforms
		x86 Release|Win32 = x86 Release|Win32
		x86 Release|x64 = x86 Release|x64
		x86 Release|x86 = x86 Release|x86
	EndGlobalSection
	GlobalSection(ProjectConfigurationPlatforms) = postSolution
		{2108C863-91E6-4992-B6CB-93AAFE9B89B8}.Debug|Any CPU.ActiveCfg = Debug|Any CPU
		{2108C863-91E6-4992-B6CB-93AAFE9B89B8}.Debug|Any CPU.Build.0 = Debug|Any CPU
		{2108C863-91E6-4992-B6CB-93AAFE9B89B8}.Debug|Mixed Platforms.ActiveCfg = Debug|Any CPU
		{2108C863-91E6-4992-B6CB-93AAFE9B89B8}.Debug|Mixed Platforms.Build.0 = Debug|Any CPU
		{2108C863-91E6-4992-B6CB-93AAFE9B89B8}.Debug|Win32.ActiveCfg = Debug|Any CPU
		{2108C863-91E6-4992-B6CB-93AAFE9B89B8}.Debug|x64.ActiveCfg = Debug|x64
		{2108C863-91E6-4992-B6CB-93AAFE9B89B8}.Debug|x64.Build.0 = Debug|x64
		{2108C863-91E6-4992-B6CB-93AAFE9B89B8}.Debug|x86.ActiveCfg = Debug|x86
		{2108C863-91E6-4992-B6CB-93AAFE9B89B8}.Debug|x86.Build.0 = Debug|x86
		{2108C863-91E6-4992-B6CB-93AAFE9B89B8}.Release|Any CPU.ActiveCfg = Release|Any CPU
		{2108C863-91E6-4992-B6CB-93AAFE9B89B8}.Release|Any CPU.Build.0 = Release|Any CPU
		{2108C863-91E6-4992-B6CB-93AAFE9B89B8}.Release|Mixed Platforms.ActiveCfg = Release|Any CPU
		{2108C863-91E6-4992-B6CB-93AAFE9B89B8}.Release|Mixed Platforms.Build.0 = Release|Any CPU
		{2108C863-91E6-4992-B6CB-93AAFE9B89B8}.Release|Win32.ActiveCfg = Release|Any CPU
		{2108C863-91E6-4992-B6CB-93AAFE9B89B8}.Release|x64.ActiveCfg = Release|x64
		{2108C863-91E6-4992-B6CB-93AAFE9B89B8}.Release|x64.Build.0 = Release|x64
		{2108C863-91E6-4992-B6CB-93AAFE9B89B8}.Release|x86.ActiveCfg = Release|x86
		{2108C863-91E6-4992-B6CB-93AAFE9B89B8}.Release|x86.Build.0 = Release|x86
		{2108C863-91E6-4992-B6CB-93AAFE9B89B8}.StockDebug|Any CPU.ActiveCfg = Debug|Any CPU
		{2108C863-91E6-4992-B6CB-93AAFE9B89B8}.StockDebug|Any CPU.Build.0 = Debug|Any CPU
		{2108C863-91E6-4992-B6CB-93AAFE9B89B8}.StockDebug|Mixed Platforms.ActiveCfg = Debug|x64
		{2108C863-91E6-4992-B6CB-93AAFE9B89B8}.StockDebug|Mixed Platforms.Build.0 = Debug|x64
		{2108C863-91E6-4992-B6CB-93AAFE9B89B8}.StockDebug|Win32.ActiveCfg = Debug|x64
		{2108C863-91E6-4992-B6CB-93AAFE9B89B8}.StockDebug|x64.ActiveCfg = Debug|x64
		{2108C863-91E6-4992-B6CB-93AAFE9B89B8}.StockDebug|x64.Build.0 = Debug|x64
		{2108C863-91E6-4992-B6CB-93AAFE9B89B8}.StockDebug|x86.ActiveCfg = Debug|x86
		{2108C863-91E6-4992-B6CB-93AAFE9B89B8}.StockDebug|x86.Build.0 = Debug|x86
		{2108C863-91E6-4992-B6CB-93AAFE9B89B8}.StockRelease|Any CPU.ActiveCfg = Release|Any CPU
		{2108C863-91E6-4992-B6CB-93AAFE9B89B8}.StockRelease|Any CPU.Build.0 = Release|Any CPU
		{2108C863-91E6-4992-B6CB-93AAFE9B89B8}.StockRelease|Mixed Platforms.ActiveCfg = Release|x64
		{2108C863-91E6-4992-B6CB-93AAFE9B89B8}.StockRelease|Mixed Platforms.Build.0 = Release|x64
		{2108C863-91E6-4992-B6CB-93AAFE9B89B8}.StockRelease|Win32.ActiveCfg = Release|x64
		{2108C863-91E6-4992-B6CB-93AAFE9B89B8}.StockRelease|x64.ActiveCfg = Release|x64
		{2108C863-91E6-4992-B6CB-93AAFE9B89B8}.StockRelease|x64.Build.0 = Release|x64
		{2108C863-91E6-4992-B6CB-93AAFE9B89B8}.StockRelease|x86.ActiveCfg = Release|x86
		{2108C863-91E6-4992-B6CB-93AAFE9B89B8}.StockRelease|x86.Build.0 = Release|x86
		{2108C863-91E6-4992-B6CB-93AAFE9B89B8}.x64|Any CPU.ActiveCfg = x86 Release|x64
		{2108C863-91E6-4992-B6CB-93AAFE9B89B8}.x64|Mixed Platforms.ActiveCfg = x86 Release|x64
		{2108C863-91E6-4992-B6CB-93AAFE9B89B8}.x64|Mixed Platforms.Build.0 = x86 Release|x64
		{2108C863-91E6-4992-B6CB-93AAFE9B89B8}.x64|Win32.ActiveCfg = x86 Release|x64
		{2108C863-91E6-4992-B6CB-93AAFE9B89B8}.x64|x64.ActiveCfg = x86 Release|x64
		{2108C863-91E6-4992-B6CB-93AAFE9B89B8}.x64|x64.Build.0 = x86 Release|x64
		{2108C863-91E6-4992-B6CB-93AAFE9B89B8}.x64|x86.ActiveCfg = x86 Release|x64
		{2108C863-91E6-4992-B6CB-93AAFE9B89B8}.x86 Debug|Any CPU.ActiveCfg = x86 Debug|Any CPU
		{2108C863-91E6-4992-B6CB-93AAFE9B89B8}.x86 Debug|Any CPU.Build.0 = x86 Debug|Any CPU
		{2108C863-91E6-4992-B6CB-93AAFE9B89B8}.x86 Debug|Mixed Platforms.ActiveCfg = x86 Debug|x64
		{2108C863-91E6-4992-B6CB-93AAFE9B89B8}.x86 Debug|Mixed Platforms.Build.0 = x86 Debug|x64
		{2108C863-91E6-4992-B6CB-93AAFE9B89B8}.x86 Debug|Win32.ActiveCfg = x86 Debug|x64
		{2108C863-91E6-4992-B6CB-93AAFE9B89B8}.x86 Debug|x64.ActiveCfg = x86 Debug|x64
		{2108C863-91E6-4992-B6CB-93AAFE9B89B8}.x86 Debug|x64.Build.0 = x86 Debug|x64
		{2108C863-91E6-4992-B6CB-93AAFE9B89B8}.x86 Debug|x86.ActiveCfg = x86 Debug|x86
		{2108C863-91E6-4992-B6CB-93AAFE9B89B8}.x86 Debug|x86.Build.0 = x86 Debug|x86
		{2108C863-91E6-4992-B6CB-93AAFE9B89B8}.x86 Release|Any CPU.ActiveCfg = x86 Release|Any CPU
		{2108C863-91E6-4992-B6CB-93AAFE9B89B8}.x86 Release|Any CPU.Build.0 = x86 Release|Any CPU
		{2108C863-91E6-4992-B6CB-93AAFE9B89B8}.x86 Release|Mixed Platforms.ActiveCfg = x86 Release|x64
		{2108C863-91E6-4992-B6CB-93AAFE9B89B8}.x86 Release|Mixed Platforms.Build.0 = x86 Release|x64
		{2108C863-91E6-4992-B6CB-93AAFE9B89B8}.x86 Release|Win32.ActiveCfg = x86 Release|x64
		{2108C863-91E6-4992-B6CB-93AAFE9B89B8}.x86 Release|x64.ActiveCfg = x86 Release|x64
		{2108C863-91E6-4992-B6CB-93AAFE9B89B8}.x86 Release|x64.Build.0 = x86 Release|x64
		{2108C863-91E6-4992-B6CB-93AAFE9B89B8}.x86 Release|x86.ActiveCfg = x86 Release|x86
		{2108C863-91E6-4992-B6CB-93AAFE9B89B8}.x86 Release|x86.Build.0 = x86 Release|x86
		{3C660F6C-1FB1-471A-8280-18962271B1F7}.Debug|Any CPU.ActiveCfg = Debug|Any CPU
		{3C660F6C-1FB1-471A-8280-18962271B1F7}.Debug|Any CPU.Build.0 = Debug|Any CPU
		{3C660F6C-1FB1-471A-8280-18962271B1F7}.Debug|Mixed Platforms.ActiveCfg = Debug|x86
		{3C660F6C-1FB1-471A-8280-18962271B1F7}.Debug|Mixed Platforms.Build.0 = Debug|x86
		{3C660F6C-1FB1-471A-8280-18962271B1F7}.Debug|Win32.ActiveCfg = Debug|x86
		{3C660F6C-1FB1-471A-8280-18962271B1F7}.Debug|x64.ActiveCfg = Debug|x64
		{3C660F6C-1FB1-471A-8280-18962271B1F7}.Debug|x64.Build.0 = Debug|x64
		{3C660F6C-1FB1-471A-8280-18962271B1F7}.Debug|x86.ActiveCfg = Debug|x86
		{3C660F6C-1FB1-471A-8280-18962271B1F7}.Debug|x86.Build.0 = Debug|x86
		{3C660F6C-1FB1-471A-8280-18962271B1F7}.Release|Any CPU.ActiveCfg = Release|Any CPU
		{3C660F6C-1FB1-471A-8280-18962271B1F7}.Release|Any CPU.Build.0 = Release|Any CPU
		{3C660F6C-1FB1-471A-8280-18962271B1F7}.Release|Mixed Platforms.ActiveCfg = Release|x86
		{3C660F6C-1FB1-471A-8280-18962271B1F7}.Release|Mixed Platforms.Build.0 = Release|x86
		{3C660F6C-1FB1-471A-8280-18962271B1F7}.Release|Win32.ActiveCfg = Release|x86
		{3C660F6C-1FB1-471A-8280-18962271B1F7}.Release|x64.ActiveCfg = Release|x64
		{3C660F6C-1FB1-471A-8280-18962271B1F7}.Release|x64.Build.0 = Release|x64
		{3C660F6C-1FB1-471A-8280-18962271B1F7}.Release|x86.ActiveCfg = Release|x86
		{3C660F6C-1FB1-471A-8280-18962271B1F7}.Release|x86.Build.0 = Release|x86
		{3C660F6C-1FB1-471A-8280-18962271B1F7}.StockDebug|Any CPU.ActiveCfg = Debug|Any CPU
		{3C660F6C-1FB1-471A-8280-18962271B1F7}.StockDebug|Any CPU.Build.0 = Debug|Any CPU
		{3C660F6C-1FB1-471A-8280-18962271B1F7}.StockDebug|Mixed Platforms.ActiveCfg = Debug|x86
		{3C660F6C-1FB1-471A-8280-18962271B1F7}.StockDebug|Mixed Platforms.Build.0 = Debug|x86
		{3C660F6C-1FB1-471A-8280-18962271B1F7}.StockDebug|Win32.ActiveCfg = Debug|x86
		{3C660F6C-1FB1-471A-8280-18962271B1F7}.StockDebug|x64.ActiveCfg = Debug|x64
		{3C660F6C-1FB1-471A-8280-18962271B1F7}.StockDebug|x64.Build.0 = Debug|x64
		{3C660F6C-1FB1-471A-8280-18962271B1F7}.StockDebug|x86.ActiveCfg = Debug|x86
		{3C660F6C-1FB1-471A-8280-18962271B1F7}.StockDebug|x86.Build.0 = Debug|x86
		{3C660F6C-1FB1-471A-8280-18962271B1F7}.StockRelease|Any CPU.ActiveCfg = Release|Any CPU
		{3C660F6C-1FB1-471A-8280-18962271B1F7}.StockRelease|Any CPU.Build.0 = Release|Any CPU
		{3C660F6C-1FB1-471A-8280-18962271B1F7}.StockRelease|Mixed Platforms.ActiveCfg = Release|x86
		{3C660F6C-1FB1-471A-8280-18962271B1F7}.StockRelease|Mixed Platforms.Build.0 = Release|x86
		{3C660F6C-1FB1-471A-8280-18962271B1F7}.StockRelease|Win32.ActiveCfg = Release|x86
		{3C660F6C-1FB1-471A-8280-18962271B1F7}.StockRelease|x64.ActiveCfg = Release|x64
		{3C660F6C-1FB1-471A-8280-18962271B1F7}.StockRelease|x64.Build.0 = Release|x64
		{3C660F6C-1FB1-471A-8280-18962271B1F7}.StockRelease|x86.ActiveCfg = Release|x86
		{3C660F6C-1FB1-471A-8280-18962271B1F7}.StockRelease|x86.Build.0 = Release|x86
		{3C660F6C-1FB1-471A-8280-18962271B1F7}.x64|Any CPU.ActiveCfg = x86 Release|x86
		{3C660F6C-1FB1-471A-8280-18962271B1F7}.x64|Mixed Platforms.ActiveCfg = x86 Release|x86
		{3C660F6C-1FB1-471A-8280-18962271B1F7}.x64|Mixed Platforms.Build.0 = x86 Release|x86
		{3C660F6C-1FB1-471A-8280-18962271B1F7}.x64|Win32.ActiveCfg = x86 Release|x86
		{3C660F6C-1FB1-471A-8280-18962271B1F7}.x64|x64.ActiveCfg = x86 Release|x86
		{3C660F6C-1FB1-471A-8280-18962271B1F7}.x64|x86.ActiveCfg = x86 Release|x86
		{3C660F6C-1FB1-471A-8280-18962271B1F7}.x64|x86.Build.0 = x86 Release|x86
		{3C660F6C-1FB1-471A-8280-18962271B1F7}.x86 Debug|Any CPU.ActiveCfg = x86 Debug|Any CPU
		{3C660F6C-1FB1-471A-8280-18962271B1F7}.x86 Debug|Any CPU.Build.0 = x86 Debug|Any CPU
		{3C660F6C-1FB1-471A-8280-18962271B1F7}.x86 Debug|Mixed Platforms.ActiveCfg = x86 Debug|x86
		{3C660F6C-1FB1-471A-8280-18962271B1F7}.x86 Debug|Mixed Platforms.Build.0 = x86 Debug|x86
		{3C660F6C-1FB1-471A-8280-18962271B1F7}.x86 Debug|Win32.ActiveCfg = x86 Debug|x86
		{3C660F6C-1FB1-471A-8280-18962271B1F7}.x86 Debug|x64.ActiveCfg = x86 Debug|x64
		{3C660F6C-1FB1-471A-8280-18962271B1F7}.x86 Debug|x64.Build.0 = x86 Debug|x64
		{3C660F6C-1FB1-471A-8280-18962271B1F7}.x86 Debug|x86.ActiveCfg = x86 Debug|x86
		{3C660F6C-1FB1-471A-8280-18962271B1F7}.x86 Debug|x86.Build.0 = x86 Debug|x86
		{3C660F6C-1FB1-471A-8280-18962271B1F7}.x86 Release|Any CPU.ActiveCfg = x86 Release|Any CPU
		{3C660F6C-1FB1-471A-8280-18962271B1F7}.x86 Release|Any CPU.Build.0 = x86 Release|Any CPU
		{3C660F6C-1FB1-471A-8280-18962271B1F7}.x86 Release|Mixed Platforms.ActiveCfg = x86 Release|x86
		{3C660F6C-1FB1-471A-8280-18962271B1F7}.x86 Release|Mixed Platforms.Build.0 = x86 Release|x86
		{3C660F6C-1FB1-471A-8280-18962271B1F7}.x86 Release|Win32.ActiveCfg = x86 Release|x86
		{3C660F6C-1FB1-471A-8280-18962271B1F7}.x86 Release|x64.ActiveCfg = x86 Release|x64
		{3C660F6C-1FB1-471A-8280-18962271B1F7}.x86 Release|x64.Build.0 = x86 Release|x64
		{3C660F6C-1FB1-471A-8280-18962271B1F7}.x86 Release|x86.ActiveCfg = x86 Release|x86
		{3C660F6C-1FB1-471A-8280-18962271B1F7}.x86 Release|x86.Build.0 = x86 Release|x86
		{D6EA6675-8E93-46C8-8061-4A7A39A75510}.Debug|Any CPU.ActiveCfg = Debug|Any CPU
		{D6EA6675-8E93-46C8-8061-4A7A39A75510}.Debug|Any CPU.Build.0 = Debug|Any CPU
		{D6EA6675-8E93-46C8-8061-4A7A39A75510}.Debug|Mixed Platforms.ActiveCfg = Debug|Any CPU
		{D6EA6675-8E93-46C8-8061-4A7A39A75510}.Debug|Mixed Platforms.Build.0 = Debug|Any CPU
		{D6EA6675-8E93-46C8-8061-4A7A39A75510}.Debug|Win32.ActiveCfg = Debug|Any CPU
		{D6EA6675-8E93-46C8-8061-4A7A39A75510}.Debug|x64.ActiveCfg = Debug|Any CPU
		{D6EA6675-8E93-46C8-8061-4A7A39A75510}.Debug|x86.ActiveCfg = Debug|Any CPU
		{D6EA6675-8E93-46C8-8061-4A7A39A75510}.Release|Any CPU.ActiveCfg = Release|Any CPU
		{D6EA6675-8E93-46C8-8061-4A7A39A75510}.Release|Any CPU.Build.0 = Release|Any CPU
		{D6EA6675-8E93-46C8-8061-4A7A39A75510}.Release|Mixed Platforms.ActiveCfg = Release|Any CPU
		{D6EA6675-8E93-46C8-8061-4A7A39A75510}.Release|Mixed Platforms.Build.0 = Release|Any CPU
		{D6EA6675-8E93-46C8-8061-4A7A39A75510}.Release|Win32.ActiveCfg = Release|Any CPU
		{D6EA6675-8E93-46C8-8061-4A7A39A75510}.Release|x64.ActiveCfg = Release|Any CPU
		{D6EA6675-8E93-46C8-8061-4A7A39A75510}.Release|x86.ActiveCfg = Release|Any CPU
		{D6EA6675-8E93-46C8-8061-4A7A39A75510}.StockDebug|Any CPU.ActiveCfg = Debug|Any CPU
		{D6EA6675-8E93-46C8-8061-4A7A39A75510}.StockDebug|Any CPU.Build.0 = Debug|Any CPU
		{D6EA6675-8E93-46C8-8061-4A7A39A75510}.StockDebug|Mixed Platforms.ActiveCfg = Debug|Any CPU
		{D6EA6675-8E93-46C8-8061-4A7A39A75510}.StockDebug|Mixed Platforms.Build.0 = Debug|Any CPU
		{D6EA6675-8E93-46C8-8061-4A7A39A75510}.StockDebug|Win32.ActiveCfg = Debug|Any CPU
		{D6EA6675-8E93-46C8-8061-4A7A39A75510}.StockDebug|x64.ActiveCfg = Debug|Any CPU
		{D6EA6675-8E93-46C8-8061-4A7A39A75510}.StockDebug|x86.ActiveCfg = Debug|Any CPU
		{D6EA6675-8E93-46C8-8061-4A7A39A75510}.StockRelease|Any CPU.ActiveCfg = Release|Any CPU
		{D6EA6675-8E93-46C8-8061-4A7A39A75510}.StockRelease|Any CPU.Build.0 = Release|Any CPU
		{D6EA6675-8E93-46C8-8061-4A7A39A75510}.StockRelease|Mixed Platforms.ActiveCfg = Release|Any CPU
		{D6EA6675-8E93-46C8-8061-4A7A39A75510}.StockRelease|Mixed Platforms.Build.0 = Release|Any CPU
		{D6EA6675-8E93-46C8-8061-4A7A39A75510}.StockRelease|Win32.ActiveCfg = Release|Any CPU
		{D6EA6675-8E93-46C8-8061-4A7A39A75510}.StockRelease|x64.ActiveCfg = Release|Any CPU
		{D6EA6675-8E93-46C8-8061-4A7A39A75510}.StockRelease|x86.ActiveCfg = Release|Any CPU
		{D6EA6675-8E93-46C8-8061-4A7A39A75510}.x64|Any CPU.ActiveCfg = Release|Any CPU
		{D6EA6675-8E93-46C8-8061-4A7A39A75510}.x64|Any CPU.Build.0 = Release|Any CPU
		{D6EA6675-8E93-46C8-8061-4A7A39A75510}.x64|Mixed Platforms.ActiveCfg = Release|Any CPU
		{D6EA6675-8E93-46C8-8061-4A7A39A75510}.x64|Mixed Platforms.Build.0 = Release|Any CPU
		{D6EA6675-8E93-46C8-8061-4A7A39A75510}.x64|Win32.ActiveCfg = Release|Any CPU
		{D6EA6675-8E93-46C8-8061-4A7A39A75510}.x64|x64.ActiveCfg = Release|Any CPU
		{D6EA6675-8E93-46C8-8061-4A7A39A75510}.x64|x86.ActiveCfg = Release|Any CPU
		{D6EA6675-8E93-46C8-8061-4A7A39A75510}.x86 Debug|Any CPU.ActiveCfg = Debug|Any CPU
		{D6EA6675-8E93-46C8-8061-4A7A39A75510}.x86 Debug|Any CPU.Build.0 = Debug|Any CPU
		{D6EA6675-8E93-46C8-8061-4A7A39A75510}.x86 Debug|Mixed Platforms.ActiveCfg = Debug|Any CPU
		{D6EA6675-8E93-46C8-8061-4A7A39A75510}.x86 Debug|Mixed Platforms.Build.0 = Debug|Any CPU
		{D6EA6675-8E93-46C8-8061-4A7A39A75510}.x86 Debug|Win32.ActiveCfg = Debug|Any CPU
		{D6EA6675-8E93-46C8-8061-4A7A39A75510}.x86 Debug|x64.ActiveCfg = Debug|Any CPU
		{D6EA6675-8E93-46C8-8061-4A7A39A75510}.x86 Debug|x86.ActiveCfg = Debug|Any CPU
		{D6EA6675-8E93-46C8-8061-4A7A39A75510}.x86 Release|Any CPU.ActiveCfg = Release|Any CPU
		{D6EA6675-8E93-46C8-8061-4A7A39A75510}.x86 Release|Any CPU.Build.0 = Release|Any CPU
		{D6EA6675-8E93-46C8-8061-4A7A39A75510}.x86 Release|Mixed Platforms.ActiveCfg = Release|Any CPU
		{D6EA6675-8E93-46C8-8061-4A7A39A75510}.x86 Release|Mixed Platforms.Build.0 = Release|Any CPU
		{D6EA6675-8E93-46C8-8061-4A7A39A75510}.x86 Release|Win32.ActiveCfg = Release|Any CPU
		{D6EA6675-8E93-46C8-8061-4A7A39A75510}.x86 Release|x64.ActiveCfg = Release|Any CPU
		{D6EA6675-8E93-46C8-8061-4A7A39A75510}.x86 Release|x86.ActiveCfg = Release|Any CPU
		{CD4D09FE-5C1D-42F4-93AC-030EB798213A}.Debug|Any CPU.ActiveCfg = Debug|Any CPU
		{CD4D09FE-5C1D-42F4-93AC-030EB798213A}.Debug|Any CPU.Build.0 = Debug|Any CPU
		{CD4D09FE-5C1D-42F4-93AC-030EB798213A}.Debug|Mixed Platforms.ActiveCfg = Debug|Any CPU
		{CD4D09FE-5C1D-42F4-93AC-030EB798213A}.Debug|Mixed Platforms.Build.0 = Debug|Any CPU
		{CD4D09FE-5C1D-42F4-93AC-030EB798213A}.Debug|Win32.ActiveCfg = Debug|Any CPU
		{CD4D09FE-5C1D-42F4-93AC-030EB798213A}.Debug|x64.ActiveCfg = Debug|Any CPU
		{CD4D09FE-5C1D-42F4-93AC-030EB798213A}.Debug|x86.ActiveCfg = Debug|Any CPU
		{CD4D09FE-5C1D-42F4-93AC-030EB798213A}.Release|Any CPU.ActiveCfg = Release|Any CPU
		{CD4D09FE-5C1D-42F4-93AC-030EB798213A}.Release|Any CPU.Build.0 = Release|Any CPU
		{CD4D09FE-5C1D-42F4-93AC-030EB798213A}.Release|Mixed Platforms.ActiveCfg = Release|Any CPU
		{CD4D09FE-5C1D-42F4-93AC-030EB798213A}.Release|Mixed Platforms.Build.0 = Release|Any CPU
		{CD4D09FE-5C1D-42F4-93AC-030EB798213A}.Release|Win32.ActiveCfg = Release|Any CPU
		{CD4D09FE-5C1D-42F4-93AC-030EB798213A}.Release|x64.ActiveCfg = Release|Any CPU
		{CD4D09FE-5C1D-42F4-93AC-030EB798213A}.Release|x86.ActiveCfg = Release|Any CPU
		{CD4D09FE-5C1D-42F4-93AC-030EB798213A}.StockDebug|Any CPU.ActiveCfg = Debug|Any CPU
		{CD4D09FE-5C1D-42F4-93AC-030EB798213A}.StockDebug|Any CPU.Build.0 = Debug|Any CPU
		{CD4D09FE-5C1D-42F4-93AC-030EB798213A}.StockDebug|Mixed Platforms.ActiveCfg = Debug|Any CPU
		{CD4D09FE-5C1D-42F4-93AC-030EB798213A}.StockDebug|Mixed Platforms.Build.0 = Debug|Any CPU
		{CD4D09FE-5C1D-42F4-93AC-030EB798213A}.StockDebug|Win32.ActiveCfg = Debug|Any CPU
		{CD4D09FE-5C1D-42F4-93AC-030EB798213A}.StockDebug|x64.ActiveCfg = Debug|Any CPU
		{CD4D09FE-5C1D-42F4-93AC-030EB798213A}.StockDebug|x86.ActiveCfg = Debug|Any CPU
		{CD4D09FE-5C1D-42F4-93AC-030EB798213A}.StockRelease|Any CPU.ActiveCfg = Release|Any CPU
		{CD4D09FE-5C1D-42F4-93AC-030EB798213A}.StockRelease|Any CPU.Build.0 = Release|Any CPU
		{CD4D09FE-5C1D-42F4-93AC-030EB798213A}.StockRelease|Mixed Platforms.ActiveCfg = Release|Any CPU
		{CD4D09FE-5C1D-42F4-93AC-030EB798213A}.StockRelease|Mixed Platforms.Build.0 = Release|Any CPU
		{CD4D09FE-5C1D-42F4-93AC-030EB798213A}.StockRelease|Win32.ActiveCfg = Release|Any CPU
		{CD4D09FE-5C1D-42F4-93AC-030EB798213A}.StockRelease|x64.ActiveCfg = Release|Any CPU
		{CD4D09FE-5C1D-42F4-93AC-030EB798213A}.StockRelease|x86.ActiveCfg = Release|Any CPU
		{CD4D09FE-5C1D-42F4-93AC-030EB798213A}.x64|Any CPU.ActiveCfg = Release|Any CPU
		{CD4D09FE-5C1D-42F4-93AC-030EB798213A}.x64|Any CPU.Build.0 = Release|Any CPU
		{CD4D09FE-5C1D-42F4-93AC-030EB798213A}.x64|Mixed Platforms.ActiveCfg = Release|Any CPU
		{CD4D09FE-5C1D-42F4-93AC-030EB798213A}.x64|Mixed Platforms.Build.0 = Release|Any CPU
		{CD4D09FE-5C1D-42F4-93AC-030EB798213A}.x64|Win32.ActiveCfg = Release|Any CPU
		{CD4D09FE-5C1D-42F4-93AC-030EB798213A}.x64|x64.ActiveCfg = Release|Any CPU
		{CD4D09FE-5C1D-42F4-93AC-030EB798213A}.x64|x86.ActiveCfg = Release|Any CPU
		{CD4D09FE-5C1D-42F4-93AC-030EB798213A}.x86 Debug|Any CPU.ActiveCfg = Debug|Any CPU
		{CD4D09FE-5C1D-42F4-93AC-030EB798213A}.x86 Debug|Any CPU.Build.0 = Debug|Any CPU
		{CD4D09FE-5C1D-42F4-93AC-030EB798213A}.x86 Debug|Mixed Platforms.ActiveCfg = Debug|Any CPU
		{CD4D09FE-5C1D-42F4-93AC-030EB798213A}.x86 Debug|Mixed Platforms.Build.0 = Debug|Any CPU
		{CD4D09FE-5C1D-42F4-93AC-030EB798213A}.x86 Debug|Win32.ActiveCfg = Debug|Any CPU
		{CD4D09FE-5C1D-42F4-93AC-030EB798213A}.x86 Debug|x64.ActiveCfg = Debug|Any CPU
		{CD4D09FE-5C1D-42F4-93AC-030EB798213A}.x86 Debug|x86.ActiveCfg = Debug|Any CPU
		{CD4D09FE-5C1D-42F4-93AC-030EB798213A}.x86 Release|Any CPU.ActiveCfg = Release|Any CPU
		{CD4D09FE-5C1D-42F4-93AC-030EB798213A}.x86 Release|Any CPU.Build.0 = Release|Any CPU
		{CD4D09FE-5C1D-42F4-93AC-030EB798213A}.x86 Release|Mixed Platforms.ActiveCfg = Release|Any CPU
		{CD4D09FE-5C1D-42F4-93AC-030EB798213A}.x86 Release|Mixed Platforms.Build.0 = Release|Any CPU
		{CD4D09FE-5C1D-42F4-93AC-030EB798213A}.x86 Release|Win32.ActiveCfg = Release|Any CPU
		{CD4D09FE-5C1D-42F4-93AC-030EB798213A}.x86 Release|x64.ActiveCfg = Release|Any CPU
		{CD4D09FE-5C1D-42F4-93AC-030EB798213A}.x86 Release|x86.ActiveCfg = Release|Any CPU
	EndGlobalSection
	GlobalSection(SolutionProperties) = preSolution
		HideSolutionNode = FALSE
	EndGlobalSection
	GlobalSection(NestedProjects) = preSolution
		{3C660F6C-1FB1-471A-8280-18962271B1F7} = {194A8276-D6CC-471B-9977-4B30A06AE2BA}
		{2108C863-91E6-4992-B6CB-93AAFE9B89B8} = {E4A09295-B954-4CED-B48A-9CF539FE17D4}
		{D6EA6675-8E93-46C8-8061-4A7A39A75510} = {E4A09295-B954-4CED-B48A-9CF539FE17D4}
		{CD4D09FE-5C1D-42F4-93AC-030EB798213A} = {E4A09295-B954-4CED-B48A-9CF539FE17D4}
	EndGlobalSection
EndGlobal
